{
  "name": "HackMIT2024",
  "lockfileVersion": 3,
  "requires": true,
  "packages": {
    "": {
      "dependencies": {
        "@tryterra/terra-ui": "^0.2.0"
      }
    },
    "node_modules/@react-buddy/ide-toolbox": {
      "version": "2.4.0",
      "resolved": "https://registry.npmjs.org/@react-buddy/ide-toolbox/-/ide-toolbox-2.4.0.tgz",
      "integrity": "sha512-TWHX6gwa0Gop7215uHhjFMbYLLdjM/b9rr0wYE3E0m7GNJ56gbPpbZiq86w9uI8zksl827acqGeT437MkuO64w==",
      "peerDependencies": {
        "react": "^17.0.0 || ^18.0.0"
      }
    },
    "node_modules/@tryterra/terra-ui": {
      "version": "0.2.0",
      "resolved": "https://registry.npmjs.org/@tryterra/terra-ui/-/terra-ui-0.2.0.tgz",
      "integrity": "sha512-Oc8liYFvaFVk1kJ2C33+CCfYWCYM6d4p42NrxR+NhIlhvPPJ7WN0rVl4zFyknQeg9LwiiegY4mS/ovqumX1gzQ==",
      "dependencies": {
        "@react-buddy/ide-toolbox": "^2.4.0",
        "typeface-poppins": "^1.1.13"
      }
    },
    "node_modules/js-tokens": {
      "version": "4.0.0",
      "resolved": "https://registry.npmjs.org/js-tokens/-/js-tokens-4.0.0.tgz",
      "integrity": "sha512-RdJUflcE3cUzKiMqQgsCu06FPu9UdIJO0beYbPhHN4k6apgJtifcoCtT9bcxOpYBtpD2kCM6Sbzg4CausW/PKQ==",
      "peer": true
    },
    "node_modules/loose-envify": {
      "version": "1.4.0",
      "resolved": "https://registry.npmjs.org/loose-envify/-/loose-envify-1.4.0.tgz",
      "integrity": "sha512-lyuxPGr/Wfhrlem2CL/UcnUc1zcqKAImBDzukY7Y5F/yQiNdko6+fRLevlw1HgMySw7f611UIY408EtxRSoK3Q==",
      "peer": true,
      "dependencies": {
        "js-tokens": "^3.0.0 || ^4.0.0"
      },
      "bin": {
        "loose-envify": "cli.js"
      }
    },
    "node_modules/react": {
      "version": "18.3.1",
      "resolved": "https://registry.npmjs.org/react/-/react-18.3.1.tgz",
      "integrity": "sha512-wS+hAgJShR0KhEvPJArfuPVN1+Hz1t0Y6n5jLrGQbkb4urgPE/0Rve+1kMB1v/oWgHgm4WIcV+i7F2pTVj+2iQ==",
      "peer": true,
      "dependencies": {
        "loose-envify": "^1.1.0"
      },
      "engines": {
        "node": ">=0.10.0"
      }
    },
    "node_modules/typeface-poppins": {
      "version": "1.1.13",
      "resolved": "https://registry.npmjs.org/typeface-poppins/-/typeface-poppins-1.1.13.tgz",
      "integrity": "sha512-VLNaET8kK7M3gPGjtKhr4/Iw6aseM2FLdiEGevlqXWD9b8QlzqZC4ro7sP78L9HJnOo2SUVvwJUeCn82gBcNqw=="
    }
  }
}
